
Microsoft Visual Studio Solution File, Format Version 12.00
# Visual Studio Version 17
VisualStudioVersion = 17.7.34009.444
MinimumVisualStudioVersion = 10.0.40219.1
Project("{9A19103F-16F7-4668-BE54-9A1E7A4F7556}") = "LoCoMPro_LV", "LoCoMPro_LV.csproj", "{7C4B746F-BBB6-413A-949A-252FDD7E1120}"
EndProject
Project("{9A19103F-16F7-4668-BE54-9A1E7A4F7556}") = "unit_tests", "..\tests\unit_tests\unit_tests.csproj", "{FE1634B8-163F-40DC-9495-7163E9C6647A}"
EndProject
Global
	GlobalSection(SolutionConfigurationPlatforms) = preSolution
		Debug|Any CPU = Debug|Any CPU
		Release|Any CPU = Release|Any CPU
	EndGlobalSection
	GlobalSection(ProjectConfigurationPlatforms) = postSolution
		{7C4B746F-BBB6-413A-949A-252FDD7E1120}.Debug|Any CPU.ActiveCfg = Debug|Any CPU
		{7C4B746F-BBB6-413A-949A-252FDD7E1120}.Debug|Any CPU.Build.0 = Debug|Any CPU
		{7C4B746F-BBB6-413A-949A-252FDD7E1120}.Release|Any CPU.ActiveCfg = Release|Any CPU
		{7C4B746F-BBB6-413A-949A-252FDD7E1120}.Release|Any CPU.Build.0 = Release|Any CPU
		{FE1634B8-163F-40DC-9495-7163E9C6647A}.Debug|Any CPU.ActiveCfg = Debug|Any CPU
		{FE1634B8-163F-40DC-9495-7163E9C6647A}.Debug|Any CPU.Build.0 = Debug|Any CPU
		{FE1634B8-163F-40DC-9495-7163E9C6647A}.Release|Any CPU.ActiveCfg = Release|Any CPU
		{FE1634B8-163F-40DC-9495-7163E9C6647A}.Release|Any CPU.Build.0 = Release|Any CPU
	EndGlobalSection
	GlobalSection(SolutionProperties) = preSolution
		HideSolutionNode = FALSE
	EndGlobalSection
	GlobalSection(ExtensibilityGlobals) = postSolution
		SolutionGuid = {D973B196-418A-4255-8C99-9A9DE40C8B23}
	EndGlobalSection
EndGlobal
